
Microsoft Visual Studio Solution File, Format Version 12.00
# Visual Studio Version 17
VisualStudioVersion = 17.9.34728.123
MinimumVisualStudioVersion = 10.0.40219.1
Project("{FAE04EC0-301F-11D3-BF4B-00C04F79EFBC}") = "Confeence", "Confeence.csproj", "{7902B9F8-428C-422C-9AB7-D917E34F8E92}"
EndProject
Global
	GlobalSection(SolutionConfigurationPlatforms) = preSolution
		Debug|Any CPU = Debug|Any CPU
		Release|Any CPU = Release|Any CPU
	EndGlobalSection
	GlobalSection(ProjectConfigurationPlatforms) = postSolution
		{7902B9F8-428C-422C-9AB7-D917E34F8E92}.Debug|Any CPU.ActiveCfg = Debug|Any CPU
		{7902B9F8-428C-422C-9AB7-D917E34F8E92}.Debug|Any CPU.Build.0 = Debug|Any CPU
		{7902B9F8-428C-422C-9AB7-D917E34F8E92}.Release|Any CPU.ActiveCfg = Release|Any CPU
		{7902B9F8-428C-422C-9AB7-D917E34F8E92}.Release|Any CPU.Build.0 = Release|Any CPU
	EndGlobalSection
	GlobalSection(SolutionProperties) = preSolution
		HideSolutionNode = FALSE
	EndGlobalSection
	GlobalSection(ExtensibilityGlobals) = postSolution
		SolutionGuid = {1C63C801-06D2-4F72-8BFE-C33231E18AC6}
	EndGlobalSection
EndGlobal
